
Microsoft Visual Studio Solution File, Format Version 12.00
# Visual Studio Version 17
VisualStudioVersion = 17.8.34330.188
MinimumVisualStudioVersion = 10.0.40219.1
Project("{9A19103F-16F7-4668-BE54-9A1E7A4F7556}") = "SEPValidation", "SEPValidation\SEPValidation.csproj", "{C650927F-0F7A-4A46-91E9-31A46487FE5B}"
EndProject
Global
	GlobalSection(SolutionConfigurationPlatforms) = preSolution
		Debug|Any CPU = Debug|Any CPU
		Release|Any CPU = Release|Any CPU
	EndGlobalSection
	GlobalSection(ProjectConfigurationPlatforms) = postSolution
		{C650927F-0F7A-4A46-91E9-31A46487FE5B}.Debug|Any CPU.ActiveCfg = Debug|Any CPU
		{C650927F-0F7A-4A46-91E9-31A46487FE5B}.Debug|Any CPU.Build.0 = Debug|Any CPU
		{C650927F-0F7A-4A46-91E9-31A46487FE5B}.Release|Any CPU.ActiveCfg = Release|Any CPU
		{C650927F-0F7A-4A46-91E9-31A46487FE5B}.Release|Any CPU.Build.0 = Release|Any CPU
	EndGlobalSection
	GlobalSection(SolutionProperties) = preSolution
		HideSolutionNode = FALSE
	EndGlobalSection
	GlobalSection(ExtensibilityGlobals) = postSolution
		SolutionGuid = {BDBBC03E-BD60-4B43-B967-6DEC2EAC06A2}
	EndGlobalSection
EndGlobal
